{
  "version": 4,
  "terraform_version": "1.15.7",
  "serial": 1,
  "lineage": "7d1c075e-a8d3-21a5-fd82-e100baa8e760",
  "outputs": {},
  "resources": [
    {
      "mode": "managed",
      "type": "docker_image",
      "name": "nginx",
      "provider": "provider[\"registry.terraform.io/kreuzwerker/docker\"]",
      "instances": [
        {
          "schema_version": 0,
          "attributes": {
            "build": [],
            "force_remove": null,
            "id": "sha256:ec4ed8b5299e5e90694af7750eb6dffd2627317d30544d056b0371f8082f7bcenginx:latest",
            "image_id": "sha256:ec4ed8b5299e5e90694af7750eb6dffd2627317d30544d056b0371f8082f7bce",
            "keep_locally": null,
            "name": "nginx:latest",
            "platform": null,
            "pull_triggers": null,
            "repo_digest": "nginx@sha256:ec4ed8b5299e5e90694af7750eb6dffd2627317d30544d056b0371f8082f7bce",
            "timeouts": null,
            "triggers": null
          },
          "sensitive_attributes": [],
          "identity_schema_version": 0,
          "private": "eyJlMmJmYjczMC1lY2FhLTExZTYtOGY4OC0zNDM2M2JjN2M0YzAiOnsiY3JlYXRlIjoxMjAwMDAwMDAwMDAwLCJkZWxldGUiOjEyMDAwMDAwMDAwMDAsInVwZGF0ZSI6MTIwMDAwMDAwMDAwMH19"
        }
      ]
    }
  ],
  "check_results": null
}
