{
  "version": 4,
  "terraform_version": "1.15.7",
  "serial": 4,
  "lineage": "489c1e6d-f706-52dc-88e3-bb937dd4f4f0",
  "outputs": {
    "image_ids": {
      "value": [
        "sha256:b2b95679e3b46fb51864949ed25ea976fc3a6bcc00a40a1bc00d568cb2822e50redis:7",
        "sha256:b2b95679e3b46fb51864949ed25ea976fc3a6bcc00a40a1bc00d568cb2822e50redis:7",
        "sha256:b2b95679e3b46fb51864949ed25ea976fc3a6bcc00a40a1bc00d568cb2822e50redis:7"
      ],
      "type": [
        "tuple",
        [
          "string",
          "string",
          "string"
        ]
      ]
    }
  },
  "resources": [
    {
      "mode": "managed",
      "type": "docker_image",
      "name": "redis",
      "provider": "provider[\"registry.terraform.io/kreuzwerker/docker\"]",
      "instances": [
        {
          "index_key": 0,
          "schema_version": 0,
          "attributes": {
            "build": [],
            "force_remove": null,
            "id": "sha256:b2b95679e3b46fb51864949ed25ea976fc3a6bcc00a40a1bc00d568cb2822e50redis:7",
            "image_id": "sha256:b2b95679e3b46fb51864949ed25ea976fc3a6bcc00a40a1bc00d568cb2822e50",
            "keep_locally": null,
            "name": "redis:7",
            "platform": null,
            "pull_triggers": null,
            "repo_digest": "redis@sha256:b2b95679e3b46fb51864949ed25ea976fc3a6bcc00a40a1bc00d568cb2822e50",
            "timeouts": null,
            "triggers": null
          },
          "sensitive_attributes": [],
          "identity_schema_version": 0,
          "private": "eyJlMmJmYjczMC1lY2FhLTExZTYtOGY4OC0zNDM2M2JjN2M0YzAiOnsiY3JlYXRlIjoxMjAwMDAwMDAwMDAwLCJkZWxldGUiOjEyMDAwMDAwMDAwMDAsInVwZGF0ZSI6MTIwMDAwMDAwMDAwMH19"
        },
        {
          "index_key": 1,
          "schema_version": 0,
          "attributes": {
            "build": [],
            "force_remove": null,
            "id": "sha256:b2b95679e3b46fb51864949ed25ea976fc3a6bcc00a40a1bc00d568cb2822e50redis:7",
            "image_id": "sha256:b2b95679e3b46fb51864949ed25ea976fc3a6bcc00a40a1bc00d568cb2822e50",
            "keep_locally": null,
            "name": "redis:7",
            "platform": null,
            "pull_triggers": null,
            "repo_digest": "redis@sha256:b2b95679e3b46fb51864949ed25ea976fc3a6bcc00a40a1bc00d568cb2822e50",
            "timeouts": null,
            "triggers": null
          },
          "sensitive_attributes": [],
          "identity_schema_version": 0,
          "private": "eyJlMmJmYjczMC1lY2FhLTExZTYtOGY4OC0zNDM2M2JjN2M0YzAiOnsiY3JlYXRlIjoxMjAwMDAwMDAwMDAwLCJkZWxldGUiOjEyMDAwMDAwMDAwMDAsInVwZGF0ZSI6MTIwMDAwMDAwMDAwMH19"
        },
        {
          "index_key": 2,
          "schema_version": 0,
          "attributes": {
            "build": [],
            "force_remove": null,
            "id": "sha256:b2b95679e3b46fb51864949ed25ea976fc3a6bcc00a40a1bc00d568cb2822e50redis:7",
            "image_id": "sha256:b2b95679e3b46fb51864949ed25ea976fc3a6bcc00a40a1bc00d568cb2822e50",
            "keep_locally": null,
            "name": "redis:7",
            "platform": null,
            "pull_triggers": null,
            "repo_digest": "redis@sha256:b2b95679e3b46fb51864949ed25ea976fc3a6bcc00a40a1bc00d568cb2822e50",
            "timeouts": null,
            "triggers": null
          },
          "sensitive_attributes": [],
          "identity_schema_version": 0,
          "private": "eyJlMmJmYjczMC1lY2FhLTExZTYtOGY4OC0zNDM2M2JjN2M0YzAiOnsiY3JlYXRlIjoxMjAwMDAwMDAwMDAwLCJkZWxldGUiOjEyMDAwMDAwMDAwMDAsInVwZGF0ZSI6MTIwMDAwMDAwMDAwMH19"
        }
      ]
    }
  ],
  "check_results": null
}
